
Microsoft Visual Studio Solution File, Format Version 12.00
# Visual Studio Version 17
VisualStudioVersion = 17.0.31903.59
MinimumVisualStudioVersion = 10.0.40219.1
Project("{9A19103F-16F7-4668-BE54-9A1E7A4F7556}") = "Boolean.CSharp.Main", "Boolean.CSharp.Main\Boolean.CSharp.Main.csproj", "{84B7A1E2-6320-4CA0-9F67-F18E554199B6}"
EndProject
Project("{9A19103F-16F7-4668-BE54-9A1E7A4F7556}") = "Boolean.CSharp.Test", "Boolean.CSharp.Test\Boolean.CSharp.Test.csproj", "{771B5551-FFF2-4895-BC84-F8278F7333AD}"
EndProject
Global
	GlobalSection(SolutionConfigurationPlatforms) = preSolution
		Debug|Any CPU = Debug|Any CPU
		Release|Any CPU = Release|Any CPU
	EndGlobalSection
	GlobalSection(ProjectConfigurationPlatforms) = postSolution
		{84B7A1E2-6320-4CA0-9F67-F18E554199B6}.Debug|Any CPU.ActiveCfg = Debug|Any CPU
		{84B7A1E2-6320-4CA0-9F67-F18E554199B6}.Debug|Any CPU.Build.0 = Debug|Any CPU
		{84B7A1E2-6320-4CA0-9F67-F18E554199B6}.Release|Any CPU.ActiveCfg = Release|Any CPU
		{84B7A1E2-6320-4CA0-9F67-F18E554199B6}.Release|Any CPU.Build.0 = Release|Any CPU
		{771B5551-FFF2-4895-BC84-F8278F7333AD}.Debug|Any CPU.ActiveCfg = Debug|Any CPU
		{771B5551-FFF2-4895-BC84-F8278F7333AD}.Debug|Any CPU.Build.0 = Debug|Any CPU
		{771B5551-FFF2-4895-BC84-F8278F7333AD}.Release|Any CPU.ActiveCfg = Release|Any CPU
		{771B5551-FFF2-4895-BC84-F8278F7333AD}.Release|Any CPU.Build.0 = Release|Any CPU
	EndGlobalSection
	GlobalSection(SolutionProperties) = preSolution
		HideSolutionNode = FALSE
	EndGlobalSection
EndGlobal
